
Microsoft Visual Studio Solution File, Format Version 12.00
# Visual Studio Version 17
VisualStudioVersion = 17.9.34321.82
MinimumVisualStudioVersion = 10.0.40219.1
Project("{2150E333-8FDC-42A3-9474-1A3956D46DE8}") = "src", "src", "{017429CC-C5FB-48B4-9C46-034E29EE2F06}"
EndProject
Project("{2150E333-8FDC-42A3-9474-1A3956D46DE8}") = "Base", "Base", "{6E0DCE76-6275-41E8-AA8B-867A7082163A}"
EndProject
Project("{9A19103F-16F7-4668-BE54-9A1E7A4F7556}") = "Todd.ApplicationKernel.Base", "src\Base\Todd.ApplicationKernel.Base\Todd.ApplicationKernel.Base.csproj", "{0554372B-2900-46BA-9224-4B9E5685713D}"
EndProject
Project("{2150E333-8FDC-42A3-9474-1A3956D46DE8}") = "Discovery", "Discovery", "{9E7B63A9-CCA6-4FFD-A884-1B1640999502}"
EndProject
Project("{2150E333-8FDC-42A3-9474-1A3956D46DE8}") = "Caching", "Caching", "{440CD531-00C9-43B7-87A6-34C9ED42D105}"
EndProject
Project("{2150E333-8FDC-42A3-9474-1A3956D46DE8}") = "Redis", "Redis", "{4A235ACC-764C-48E5-9006-D67F6FC44F57}"
EndProject
Project("{9A19103F-16F7-4668-BE54-9A1E7A4F7556}") = "Todd.ApplicationKernel.Redis", "src\Caching\Redis\Todd.ApplicationKernel.Redis\Todd.ApplicationKernel.Redis.csproj", "{8581E5B3-3038-4E3E-8598-E2B213A7595D}"
EndProject
Project("{2150E333-8FDC-42A3-9474-1A3956D46DE8}") = "Solution Items", "Solution Items", "{AD4B578F-0E73-4D9B-9FF2-CC2A17C55A73}"
	ProjectSection(SolutionItems) = preProject
		.editorconfig = .editorconfig
	EndProjectSection
EndProject
Project("{2150E333-8FDC-42A3-9474-1A3956D46DE8}") = "test", "test", "{9029C40E-8F88-44F2-B5AD-B62AAC4441C3}"
EndProject
Project("{9A19103F-16F7-4668-BE54-9A1E7A4F7556}") = "Todd.ApplicationKernel.Caching", "test\Todd.ApplicationKernel.Caching\Todd.ApplicationKernel.Caching.csproj", "{656C9184-A952-47C5-B6A6-0993733A235C}"
EndProject
Project("{2150E333-8FDC-42A3-9474-1A3956D46DE8}") = "Tracing", "Tracing", "{8F88BC0A-996A-4197-B580-92B130388207}"
EndProject
Project("{2150E333-8FDC-42A3-9474-1A3956D46DE8}") = "Jaeger", "Jaeger", "{2795C97C-82A4-4514-B4A9-A29146B95084}"
EndProject
Project("{9A19103F-16F7-4668-BE54-9A1E7A4F7556}") = "Todd.ApplicationKernel.Tracing.Jaeger", "src\Tracing\Jaeger\Todd.Tracing.Jaeger\Todd.ApplicationKernel.Tracing.Jaeger.csproj", "{58926A7E-4BD0-4DB0-BACC-DA9A6CF06C3C}"
EndProject
Project("{2150E333-8FDC-42A3-9474-1A3956D46DE8}") = "Logging", "Logging", "{911AF68D-561F-4013-899C-26E04EC4B577}"
EndProject
Project("{9A19103F-16F7-4668-BE54-9A1E7A4F7556}") = "Todd.ApplicationKernel.Logging", "src\Logging\Todd.Logging\Todd.ApplicationKernel.Logging.csproj", "{62F0B9C7-3804-4358-85C9-E43CBBBA0E00}"
EndProject
Project("{2150E333-8FDC-42A3-9474-1A3956D46DE8}") = "Auth", "Auth", "{994E948E-5B83-46CB-A68E-9D250D685518}"
EndProject
Project("{9A19103F-16F7-4668-BE54-9A1E7A4F7556}") = "Todd.ApplicationKernel.Auth", "src\Auth\Todd.Auth\Todd.ApplicationKernel.Auth.csproj", "{9DE188EC-1482-481A-B6A6-4DAE8F702CCC}"
EndProject
Project("{2150E333-8FDC-42A3-9474-1A3956D46DE8}") = "Persistence", "Persistence", "{513761A4-01A8-4C5B-A159-097128F6472F}"
EndProject
Project("{2150E333-8FDC-42A3-9474-1A3956D46DE8}") = "FreeSql", "FreeSql", "{F876359B-6FB4-4805-83DD-947996BA7221}"
EndProject
Project("{9A19103F-16F7-4668-BE54-9A1E7A4F7556}") = "Todd.ApplicationKernel.Persistence.FreeSql", "src\Persistence\FreeSql\Todd.Persistence.FreeSql\Todd.ApplicationKernel.Persistence.FreeSql.csproj", "{7135407C-0B7F-4177-9B5F-8F216C3E946F}"
EndProject
Project("{2150E333-8FDC-42A3-9474-1A3956D46DE8}") = "OpenAPI", "OpenAPI", "{4155419A-1C6F-4341-AD9E-990EF72AD8B9}"
EndProject
Project("{2150E333-8FDC-42A3-9474-1A3956D46DE8}") = "Swagger", "Swagger", "{A7990F6F-87F7-402B-B332-A71E7B6A305B}"
EndProject
Project("{9A19103F-16F7-4668-BE54-9A1E7A4F7556}") = "Todd.ApplicationKernel.OpenAPI.Swagger", "src\OpenAPI\Swagger\Todd.OpenAPI.Swagger\Todd.ApplicationKernel.OpenAPI.Swagger.csproj", "{1C7C2C52-E19C-4C5C-A9E5-DB826D10A3CE}"
EndProject
Project("{2150E333-8FDC-42A3-9474-1A3956D46DE8}") = "Core", "Core", "{D55C9ED3-39E3-4DFF-818D-BB1B76A7F312}"
EndProject
Project("{2150E333-8FDC-42A3-9474-1A3956D46DE8}") = "MessageBrokers", "MessageBrokers", "{B89A8D5B-AC27-4588-AD24-3984D3AF92E2}"
EndProject
Project("{2150E333-8FDC-42A3-9474-1A3956D46DE8}") = "RabbitMQ", "RabbitMQ", "{B66D4C78-47F7-4D71-BAA4-DB9549711F7D}"
EndProject
Project("{2150E333-8FDC-42A3-9474-1A3956D46DE8}") = "ZooKeeper", "ZooKeeper", "{0006F598-93F5-4A21-9B29-2913928A14E6}"
EndProject
Project("{9A19103F-16F7-4668-BE54-9A1E7A4F7556}") = "Todd.Applicationkernel.MessageBrokers.RabbitMQ", "src\MessageBrokers\RabbitMQ\Todd.Applicationkernel.MessageBrokers.RabbitMQ\Todd.Applicationkernel.MessageBrokers.RabbitMQ.csproj", "{F75CAA23-6F81-4627-A990-C2AA7B9CE7E8}"
EndProject
Project("{9A19103F-16F7-4668-BE54-9A1E7A4F7556}") = "Todd.Applicationkernel.MessageBrokers.ZooKeeper", "src\MessageBrokers\ZooKeeper\Todd.Applicationkernel.MessageBrokers.ZooKeeper\Todd.Applicationkernel.MessageBrokers.ZooKeeper.csproj", "{C3D3C3FA-744D-47CE-87ED-BAE43C45AB86}"
EndProject
Project("{9A19103F-16F7-4668-BE54-9A1E7A4F7556}") = "Todd.Applicationkernel.Core.IdGen", "src\Core\Todd.Applicationkernel.Core.IdGen\Todd.Applicationkernel.Core.IdGen.csproj", "{1D554B11-CFAE-4345-94D1-4FE4516FEAF2}"
EndProject
Project("{9A19103F-16F7-4668-BE54-9A1E7A4F7556}") = "Todd.Applicationkernel.Core.Abstractions", "src\Core\Todd.Applicationkernel.Core.Abstractions\Todd.Applicationkernel.Core.Abstractions.csproj", "{ECCF9DDD-91A3-495B-94E3-F917D3A05FEA}"
EndProject
Project("{2150E333-8FDC-42A3-9474-1A3956D46DE8}") = "Core", "Core", "{2C2181B8-413F-435D-AC6D-1AC472D0AE49}"
EndProject
Project("{9A19103F-16F7-4668-BE54-9A1E7A4F7556}") = "Todd.ApplicationKernel.CachingCore", "src\Caching\Core\Todd.ApplicationKernel.CachingCore\Todd.ApplicationKernel.CachingCore.csproj", "{720869D4-C5D8-4DBC-888D-110997388B00}"
EndProject
Project("{2150E333-8FDC-42A3-9474-1A3956D46DE8}") = "Abstractions", "Abstractions", "{03687197-260B-46C1-BB3F-8E2CDDEC96C3}"
EndProject
Project("{FAE04EC0-301F-11D3-BF4B-00C04F79EFBC}") = "Todd.Applicationkernel.MessageBrokers", "src\MessageBrokers\Abstractions\Todd.Applicationkernel.MessageBrokers\Todd.Applicationkernel.MessageBrokers.csproj", "{6115DE0D-D0B6-4012-93F5-7A8C5FA8957D}"
EndProject
Project("{FAE04EC0-301F-11D3-BF4B-00C04F79EFBC}") = "Todd.ApplicationKernel.Discovery.Consul", "src\Discovery\Todd.ApplicationKernel.Discovery.Consul\Todd.ApplicationKernel.Discovery.Consul.csproj", "{EE8C47BB-9B4B-CC36-7626-E228415A6918}"
EndProject
Project("{FAE04EC0-301F-11D3-BF4B-00C04F79EFBC}") = "Todd.ApplicationKernel.Discovery.ZooKeeper", "src\Discovery\Todd.ApplicationKernel.Discovery.ZooKeeper\Todd.ApplicationKernel.Discovery.ZooKeeper.csproj", "{2FE077D2-63F0-10ED-87CC-7EEE738640C8}"
EndProject
Project("{FAE04EC0-301F-11D3-BF4B-00C04F79EFBC}") = "Todd.Applicationkernel.Core", "src\Core\Todd.Applicationkernel.Core\Todd.Applicationkernel.Core.csproj", "{AA2D3BE6-B575-4FA7-90D4-75930ED12C30}"
EndProject
Project("{2150E333-8FDC-42A3-9474-1A3956D46DE8}") = "samples", "samples", "{02EA681E-C7D8-13C7-8484-4AC65E1B71E8}"
EndProject
Project("{FAE04EC0-301F-11D3-BF4B-00C04F79EFBC}") = "Todd.Applicationkernel.Core.Streaming", "src\Core\Todd.Applicationkernel.Core.Streaming\Todd.Applicationkernel.Core.Streaming\Todd.Applicationkernel.Core.Streaming.csproj", "{A954C67F-FF2F-4078-A168-DE95899AB97B}"
EndProject
Project("{FAE04EC0-301F-11D3-BF4B-00C04F79EFBC}") = "Todd.ApplicationKernel.Serialization.Abstractions", "src\Base\Todd.ApplicationKernel.Serialization.Abstractions\Todd.ApplicationKernel.Serialization.Abstractions.csproj", "{D81DEC79-EB63-4F89-A986-3B10A724E161}"
EndProject
Project("{FAE04EC0-301F-11D3-BF4B-00C04F79EFBC}") = "Todd.ApplicationKernel.Serialization", "src\Base\Todd.ApplicationKernel.Serialization\Todd.ApplicationKernel.Serialization.csproj", "{305424DE-A9C9-4FB6-B8FA-2D1D7BBD1B6E}"
EndProject
Global
	GlobalSection(SolutionConfigurationPlatforms) = preSolution
		Debug|Any CPU = Debug|Any CPU
		Debug|arm64 = Debug|arm64
		Debug|x64 = Debug|x64
		Debug|x86 = Debug|x86
		Release|Any CPU = Release|Any CPU
		Release|arm64 = Release|arm64
		Release|x64 = Release|x64
		Release|x86 = Release|x86
	EndGlobalSection
	GlobalSection(ProjectConfigurationPlatforms) = postSolution
		{0554372B-2900-46BA-9224-4B9E5685713D}.Debug|Any CPU.ActiveCfg = Debug|Any CPU
		{0554372B-2900-46BA-9224-4B9E5685713D}.Debug|Any CPU.Build.0 = Debug|Any CPU
		{0554372B-2900-46BA-9224-4B9E5685713D}.Debug|arm64.ActiveCfg = Debug|Any CPU
		{0554372B-2900-46BA-9224-4B9E5685713D}.Debug|arm64.Build.0 = Debug|Any CPU
		{0554372B-2900-46BA-9224-4B9E5685713D}.Debug|x64.ActiveCfg = Debug|Any CPU
		{0554372B-2900-46BA-9224-4B9E5685713D}.Debug|x64.Build.0 = Debug|Any CPU
		{0554372B-2900-46BA-9224-4B9E5685713D}.Debug|x86.ActiveCfg = Debug|Any CPU
		{0554372B-2900-46BA-9224-4B9E5685713D}.Debug|x86.Build.0 = Debug|Any CPU
		{0554372B-2900-46BA-9224-4B9E5685713D}.Release|Any CPU.ActiveCfg = Release|Any CPU
		{0554372B-2900-46BA-9224-4B9E5685713D}.Release|Any CPU.Build.0 = Release|Any CPU
		{0554372B-2900-46BA-9224-4B9E5685713D}.Release|arm64.ActiveCfg = Release|Any CPU
		{0554372B-2900-46BA-9224-4B9E5685713D}.Release|arm64.Build.0 = Release|Any CPU
		{0554372B-2900-46BA-9224-4B9E5685713D}.Release|x64.ActiveCfg = Release|Any CPU
		{0554372B-2900-46BA-9224-4B9E5685713D}.Release|x64.Build.0 = Release|Any CPU
		{0554372B-2900-46BA-9224-4B9E5685713D}.Release|x86.ActiveCfg = Release|Any CPU
		{0554372B-2900-46BA-9224-4B9E5685713D}.Release|x86.Build.0 = Release|Any CPU
		{8581E5B3-3038-4E3E-8598-E2B213A7595D}.Debug|Any CPU.ActiveCfg = Debug|Any CPU
		{8581E5B3-3038-4E3E-8598-E2B213A7595D}.Debug|Any CPU.Build.0 = Debug|Any CPU
		{8581E5B3-3038-4E3E-8598-E2B213A7595D}.Debug|arm64.ActiveCfg = Debug|Any CPU
		{8581E5B3-3038-4E3E-8598-E2B213A7595D}.Debug|arm64.Build.0 = Debug|Any CPU
		{8581E5B3-3038-4E3E-8598-E2B213A7595D}.Debug|x64.ActiveCfg = Debug|Any CPU
		{8581E5B3-3038-4E3E-8598-E2B213A7595D}.Debug|x64.Build.0 = Debug|Any CPU
		{8581E5B3-3038-4E3E-8598-E2B213A7595D}.Debug|x86.ActiveCfg = Debug|Any CPU
		{8581E5B3-3038-4E3E-8598-E2B213A7595D}.Debug|x86.Build.0 = Debug|Any CPU
		{8581E5B3-3038-4E3E-8598-E2B213A7595D}.Release|Any CPU.ActiveCfg = Release|Any CPU
		{8581E5B3-3038-4E3E-8598-E2B213A7595D}.Release|Any CPU.Build.0 = Release|Any CPU
		{8581E5B3-3038-4E3E-8598-E2B213A7595D}.Release|arm64.ActiveCfg = Release|Any CPU
		{8581E5B3-3038-4E3E-8598-E2B213A7595D}.Release|arm64.Build.0 = Release|Any CPU
		{8581E5B3-3038-4E3E-8598-E2B213A7595D}.Release|x64.ActiveCfg = Release|Any CPU
		{8581E5B3-3038-4E3E-8598-E2B213A7595D}.Release|x64.Build.0 = Release|Any CPU
		{8581E5B3-3038-4E3E-8598-E2B213A7595D}.Release|x86.ActiveCfg = Release|Any CPU
		{8581E5B3-3038-4E3E-8598-E2B213A7595D}.Release|x86.Build.0 = Release|Any CPU
		{656C9184-A952-47C5-B6A6-0993733A235C}.Debug|Any CPU.ActiveCfg = Debug|Any CPU
		{656C9184-A952-47C5-B6A6-0993733A235C}.Debug|Any CPU.Build.0 = Debug|Any CPU
		{656C9184-A952-47C5-B6A6-0993733A235C}.Debug|arm64.ActiveCfg = Debug|Any CPU
		{656C9184-A952-47C5-B6A6-0993733A235C}.Debug|arm64.Build.0 = Debug|Any CPU
		{656C9184-A952-47C5-B6A6-0993733A235C}.Debug|x64.ActiveCfg = Debug|Any CPU
		{656C9184-A952-47C5-B6A6-0993733A235C}.Debug|x64.Build.0 = Debug|Any CPU
		{656C9184-A952-47C5-B6A6-0993733A235C}.Debug|x86.ActiveCfg = Debug|Any CPU
		{656C9184-A952-47C5-B6A6-0993733A235C}.Debug|x86.Build.0 = Debug|Any CPU
		{656C9184-A952-47C5-B6A6-0993733A235C}.Release|Any CPU.ActiveCfg = Release|Any CPU
		{656C9184-A952-47C5-B6A6-0993733A235C}.Release|Any CPU.Build.0 = Release|Any CPU
		{656C9184-A952-47C5-B6A6-0993733A235C}.Release|arm64.ActiveCfg = Release|Any CPU
		{656C9184-A952-47C5-B6A6-0993733A235C}.Release|arm64.Build.0 = Release|Any CPU
		{656C9184-A952-47C5-B6A6-0993733A235C}.Release|x64.ActiveCfg = Release|Any CPU
		{656C9184-A952-47C5-B6A6-0993733A235C}.Release|x64.Build.0 = Release|Any CPU
		{656C9184-A952-47C5-B6A6-0993733A235C}.Release|x86.ActiveCfg = Release|Any CPU
		{656C9184-A952-47C5-B6A6-0993733A235C}.Release|x86.Build.0 = Release|Any CPU
		{58926A7E-4BD0-4DB0-BACC-DA9A6CF06C3C}.Debug|Any CPU.ActiveCfg = Debug|Any CPU
		{58926A7E-4BD0-4DB0-BACC-DA9A6CF06C3C}.Debug|Any CPU.Build.0 = Debug|Any CPU
		{58926A7E-4BD0-4DB0-BACC-DA9A6CF06C3C}.Debug|arm64.ActiveCfg = Debug|Any CPU
		{58926A7E-4BD0-4DB0-BACC-DA9A6CF06C3C}.Debug|arm64.Build.0 = Debug|Any CPU
		{58926A7E-4BD0-4DB0-BACC-DA9A6CF06C3C}.Debug|x64.ActiveCfg = Debug|Any CPU
		{58926A7E-4BD0-4DB0-BACC-DA9A6CF06C3C}.Debug|x64.Build.0 = Debug|Any CPU
		{58926A7E-4BD0-4DB0-BACC-DA9A6CF06C3C}.Debug|x86.ActiveCfg = Debug|Any CPU
		{58926A7E-4BD0-4DB0-BACC-DA9A6CF06C3C}.Debug|x86.Build.0 = Debug|Any CPU
		{58926A7E-4BD0-4DB0-BACC-DA9A6CF06C3C}.Release|Any CPU.ActiveCfg = Release|Any CPU
		{58926A7E-4BD0-4DB0-BACC-DA9A6CF06C3C}.Release|Any CPU.Build.0 = Release|Any CPU
		{58926A7E-4BD0-4DB0-BACC-DA9A6CF06C3C}.Release|arm64.ActiveCfg = Release|Any CPU
		{58926A7E-4BD0-4DB0-BACC-DA9A6CF06C3C}.Release|arm64.Build.0 = Release|Any CPU
		{58926A7E-4BD0-4DB0-BACC-DA9A6CF06C3C}.Release|x64.ActiveCfg = Release|Any CPU
		{58926A7E-4BD0-4DB0-BACC-DA9A6CF06C3C}.Release|x64.Build.0 = Release|Any CPU
		{58926A7E-4BD0-4DB0-BACC-DA9A6CF06C3C}.Release|x86.ActiveCfg = Release|Any CPU
		{58926A7E-4BD0-4DB0-BACC-DA9A6CF06C3C}.Release|x86.Build.0 = Release|Any CPU
		{62F0B9C7-3804-4358-85C9-E43CBBBA0E00}.Debug|Any CPU.ActiveCfg = Debug|Any CPU
		{62F0B9C7-3804-4358-85C9-E43CBBBA0E00}.Debug|Any CPU.Build.0 = Debug|Any CPU
		{62F0B9C7-3804-4358-85C9-E43CBBBA0E00}.Debug|arm64.ActiveCfg = Debug|Any CPU
		{62F0B9C7-3804-4358-85C9-E43CBBBA0E00}.Debug|arm64.Build.0 = Debug|Any CPU
		{62F0B9C7-3804-4358-85C9-E43CBBBA0E00}.Debug|x64.ActiveCfg = Debug|Any CPU
		{62F0B9C7-3804-4358-85C9-E43CBBBA0E00}.Debug|x64.Build.0 = Debug|Any CPU
		{62F0B9C7-3804-4358-85C9-E43CBBBA0E00}.Debug|x86.ActiveCfg = Debug|Any CPU
		{62F0B9C7-3804-4358-85C9-E43CBBBA0E00}.Debug|x86.Build.0 = Debug|Any CPU
		{62F0B9C7-3804-4358-85C9-E43CBBBA0E00}.Release|Any CPU.ActiveCfg = Release|Any CPU
		{62F0B9C7-3804-4358-85C9-E43CBBBA0E00}.Release|Any CPU.Build.0 = Release|Any CPU
		{62F0B9C7-3804-4358-85C9-E43CBBBA0E00}.Release|arm64.ActiveCfg = Release|Any CPU
		{62F0B9C7-3804-4358-85C9-E43CBBBA0E00}.Release|arm64.Build.0 = Release|Any CPU
		{62F0B9C7-3804-4358-85C9-E43CBBBA0E00}.Release|x64.ActiveCfg = Release|Any CPU
		{62F0B9C7-3804-4358-85C9-E43CBBBA0E00}.Release|x64.Build.0 = Release|Any CPU
		{62F0B9C7-3804-4358-85C9-E43CBBBA0E00}.Release|x86.ActiveCfg = Release|Any CPU
		{62F0B9C7-3804-4358-85C9-E43CBBBA0E00}.Release|x86.Build.0 = Release|Any CPU
		{9DE188EC-1482-481A-B6A6-4DAE8F702CCC}.Debug|Any CPU.ActiveCfg = Debug|Any CPU
		{9DE188EC-1482-481A-B6A6-4DAE8F702CCC}.Debug|Any CPU.Build.0 = Debug|Any CPU
		{9DE188EC-1482-481A-B6A6-4DAE8F702CCC}.Debug|arm64.ActiveCfg = Debug|Any CPU
		{9DE188EC-1482-481A-B6A6-4DAE8F702CCC}.Debug|arm64.Build.0 = Debug|Any CPU
		{9DE188EC-1482-481A-B6A6-4DAE8F702CCC}.Debug|x64.ActiveCfg = Debug|Any CPU
		{9DE188EC-1482-481A-B6A6-4DAE8F702CCC}.Debug|x64.Build.0 = Debug|Any CPU
		{9DE188EC-1482-481A-B6A6-4DAE8F702CCC}.Debug|x86.ActiveCfg = Debug|Any CPU
		{9DE188EC-1482-481A-B6A6-4DAE8F702CCC}.Debug|x86.Build.0 = Debug|Any CPU
		{9DE188EC-1482-481A-B6A6-4DAE8F702CCC}.Release|Any CPU.ActiveCfg = Release|Any CPU
		{9DE188EC-1482-481A-B6A6-4DAE8F702CCC}.Release|Any CPU.Build.0 = Release|Any CPU
		{9DE188EC-1482-481A-B6A6-4DAE8F702CCC}.Release|arm64.ActiveCfg = Release|Any CPU
		{9DE188EC-1482-481A-B6A6-4DAE8F702CCC}.Release|arm64.Build.0 = Release|Any CPU
		{9DE188EC-1482-481A-B6A6-4DAE8F702CCC}.Release|x64.ActiveCfg = Release|Any CPU
		{9DE188EC-1482-481A-B6A6-4DAE8F702CCC}.Release|x64.Build.0 = Release|Any CPU
		{9DE188EC-1482-481A-B6A6-4DAE8F702CCC}.Release|x86.ActiveCfg = Release|Any CPU
		{9DE188EC-1482-481A-B6A6-4DAE8F702CCC}.Release|x86.Build.0 = Release|Any CPU
		{7135407C-0B7F-4177-9B5F-8F216C3E946F}.Debug|Any CPU.ActiveCfg = Debug|Any CPU
		{7135407C-0B7F-4177-9B5F-8F216C3E946F}.Debug|Any CPU.Build.0 = Debug|Any CPU
		{7135407C-0B7F-4177-9B5F-8F216C3E946F}.Debug|arm64.ActiveCfg = Debug|Any CPU
		{7135407C-0B7F-4177-9B5F-8F216C3E946F}.Debug|arm64.Build.0 = Debug|Any CPU
		{7135407C-0B7F-4177-9B5F-8F216C3E946F}.Debug|x64.ActiveCfg = Debug|Any CPU
		{7135407C-0B7F-4177-9B5F-8F216C3E946F}.Debug|x64.Build.0 = Debug|Any CPU
		{7135407C-0B7F-4177-9B5F-8F216C3E946F}.Debug|x86.ActiveCfg = Debug|Any CPU
		{7135407C-0B7F-4177-9B5F-8F216C3E946F}.Debug|x86.Build.0 = Debug|Any CPU
		{7135407C-0B7F-4177-9B5F-8F216C3E946F}.Release|Any CPU.ActiveCfg = Release|Any CPU
		{7135407C-0B7F-4177-9B5F-8F216C3E946F}.Release|Any CPU.Build.0 = Release|Any CPU
		{7135407C-0B7F-4177-9B5F-8F216C3E946F}.Release|arm64.ActiveCfg = Release|Any CPU
		{7135407C-0B7F-4177-9B5F-8F216C3E946F}.Release|arm64.Build.0 = Release|Any CPU
		{7135407C-0B7F-4177-9B5F-8F216C3E946F}.Release|x64.ActiveCfg = Release|Any CPU
		{7135407C-0B7F-4177-9B5F-8F216C3E946F}.Release|x64.Build.0 = Release|Any CPU
		{7135407C-0B7F-4177-9B5F-8F216C3E946F}.Release|x86.ActiveCfg = Release|Any CPU
		{7135407C-0B7F-4177-9B5F-8F216C3E946F}.Release|x86.Build.0 = Release|Any CPU
		{1C7C2C52-E19C-4C5C-A9E5-DB826D10A3CE}.Debug|Any CPU.ActiveCfg = Debug|Any CPU
		{1C7C2C52-E19C-4C5C-A9E5-DB826D10A3CE}.Debug|Any CPU.Build.0 = Debug|Any CPU
		{1C7C2C52-E19C-4C5C-A9E5-DB826D10A3CE}.Debug|arm64.ActiveCfg = Debug|Any CPU
		{1C7C2C52-E19C-4C5C-A9E5-DB826D10A3CE}.Debug|arm64.Build.0 = Debug|Any CPU
		{1C7C2C52-E19C-4C5C-A9E5-DB826D10A3CE}.Debug|x64.ActiveCfg = Debug|Any CPU
		{1C7C2C52-E19C-4C5C-A9E5-DB826D10A3CE}.Debug|x64.Build.0 = Debug|Any CPU
		{1C7C2C52-E19C-4C5C-A9E5-DB826D10A3CE}.Debug|x86.ActiveCfg = Debug|Any CPU
		{1C7C2C52-E19C-4C5C-A9E5-DB826D10A3CE}.Debug|x86.Build.0 = Debug|Any CPU
		{1C7C2C52-E19C-4C5C-A9E5-DB826D10A3CE}.Release|Any CPU.ActiveCfg = Release|Any CPU
		{1C7C2C52-E19C-4C5C-A9E5-DB826D10A3CE}.Release|Any CPU.Build.0 = Release|Any CPU
		{1C7C2C52-E19C-4C5C-A9E5-DB826D10A3CE}.Release|arm64.ActiveCfg = Release|Any CPU
		{1C7C2C52-E19C-4C5C-A9E5-DB826D10A3CE}.Release|arm64.Build.0 = Release|Any CPU
		{1C7C2C52-E19C-4C5C-A9E5-DB826D10A3CE}.Release|x64.ActiveCfg = Release|Any CPU
		{1C7C2C52-E19C-4C5C-A9E5-DB826D10A3CE}.Release|x64.Build.0 = Release|Any CPU
		{1C7C2C52-E19C-4C5C-A9E5-DB826D10A3CE}.Release|x86.ActiveCfg = Release|Any CPU
		{1C7C2C52-E19C-4C5C-A9E5-DB826D10A3CE}.Release|x86.Build.0 = Release|Any CPU
		{F75CAA23-6F81-4627-A990-C2AA7B9CE7E8}.Debug|Any CPU.ActiveCfg = Debug|Any CPU
		{F75CAA23-6F81-4627-A990-C2AA7B9CE7E8}.Debug|Any CPU.Build.0 = Debug|Any CPU
		{F75CAA23-6F81-4627-A990-C2AA7B9CE7E8}.Debug|arm64.ActiveCfg = Debug|Any CPU
		{F75CAA23-6F81-4627-A990-C2AA7B9CE7E8}.Debug|arm64.Build.0 = Debug|Any CPU
		{F75CAA23-6F81-4627-A990-C2AA7B9CE7E8}.Debug|x64.ActiveCfg = Debug|Any CPU
		{F75CAA23-6F81-4627-A990-C2AA7B9CE7E8}.Debug|x64.Build.0 = Debug|Any CPU
		{F75CAA23-6F81-4627-A990-C2AA7B9CE7E8}.Debug|x86.ActiveCfg = Debug|Any CPU
		{F75CAA23-6F81-4627-A990-C2AA7B9CE7E8}.Debug|x86.Build.0 = Debug|Any CPU
		{F75CAA23-6F81-4627-A990-C2AA7B9CE7E8}.Release|Any CPU.ActiveCfg = Release|Any CPU
		{F75CAA23-6F81-4627-A990-C2AA7B9CE7E8}.Release|Any CPU.Build.0 = Release|Any CPU
		{F75CAA23-6F81-4627-A990-C2AA7B9CE7E8}.Release|arm64.ActiveCfg = Release|Any CPU
		{F75CAA23-6F81-4627-A990-C2AA7B9CE7E8}.Release|arm64.Build.0 = Release|Any CPU
		{F75CAA23-6F81-4627-A990-C2AA7B9CE7E8}.Release|x64.ActiveCfg = Release|Any CPU
		{F75CAA23-6F81-4627-A990-C2AA7B9CE7E8}.Release|x64.Build.0 = Release|Any CPU
		{F75CAA23-6F81-4627-A990-C2AA7B9CE7E8}.Release|x86.ActiveCfg = Release|Any CPU
		{F75CAA23-6F81-4627-A990-C2AA7B9CE7E8}.Release|x86.Build.0 = Release|Any CPU
		{C3D3C3FA-744D-47CE-87ED-BAE43C45AB86}.Debug|Any CPU.ActiveCfg = Debug|Any CPU
		{C3D3C3FA-744D-47CE-87ED-BAE43C45AB86}.Debug|Any CPU.Build.0 = Debug|Any CPU
		{C3D3C3FA-744D-47CE-87ED-BAE43C45AB86}.Debug|arm64.ActiveCfg = Debug|Any CPU
		{C3D3C3FA-744D-47CE-87ED-BAE43C45AB86}.Debug|arm64.Build.0 = Debug|Any CPU
		{C3D3C3FA-744D-47CE-87ED-BAE43C45AB86}.Debug|x64.ActiveCfg = Debug|Any CPU
		{C3D3C3FA-744D-47CE-87ED-BAE43C45AB86}.Debug|x64.Build.0 = Debug|Any CPU
		{C3D3C3FA-744D-47CE-87ED-BAE43C45AB86}.Debug|x86.ActiveCfg = Debug|Any CPU
		{C3D3C3FA-744D-47CE-87ED-BAE43C45AB86}.Debug|x86.Build.0 = Debug|Any CPU
		{C3D3C3FA-744D-47CE-87ED-BAE43C45AB86}.Release|Any CPU.ActiveCfg = Release|Any CPU
		{C3D3C3FA-744D-47CE-87ED-BAE43C45AB86}.Release|Any CPU.Build.0 = Release|Any CPU
		{C3D3C3FA-744D-47CE-87ED-BAE43C45AB86}.Release|arm64.ActiveCfg = Release|Any CPU
		{C3D3C3FA-744D-47CE-87ED-BAE43C45AB86}.Release|arm64.Build.0 = Release|Any CPU
		{C3D3C3FA-744D-47CE-87ED-BAE43C45AB86}.Release|x64.ActiveCfg = Release|Any CPU
		{C3D3C3FA-744D-47CE-87ED-BAE43C45AB86}.Release|x64.Build.0 = Release|Any CPU
		{C3D3C3FA-744D-47CE-87ED-BAE43C45AB86}.Release|x86.ActiveCfg = Release|Any CPU
		{C3D3C3FA-744D-47CE-87ED-BAE43C45AB86}.Release|x86.Build.0 = Release|Any CPU
		{1D554B11-CFAE-4345-94D1-4FE4516FEAF2}.Debug|Any CPU.ActiveCfg = Debug|Any CPU
		{1D554B11-CFAE-4345-94D1-4FE4516FEAF2}.Debug|Any CPU.Build.0 = Debug|Any CPU
		{1D554B11-CFAE-4345-94D1-4FE4516FEAF2}.Debug|arm64.ActiveCfg = Debug|Any CPU
		{1D554B11-CFAE-4345-94D1-4FE4516FEAF2}.Debug|arm64.Build.0 = Debug|Any CPU
		{1D554B11-CFAE-4345-94D1-4FE4516FEAF2}.Debug|x64.ActiveCfg = Debug|Any CPU
		{1D554B11-CFAE-4345-94D1-4FE4516FEAF2}.Debug|x64.Build.0 = Debug|Any CPU
		{1D554B11-CFAE-4345-94D1-4FE4516FEAF2}.Debug|x86.ActiveCfg = Debug|Any CPU
		{1D554B11-CFAE-4345-94D1-4FE4516FEAF2}.Debug|x86.Build.0 = Debug|Any CPU
		{1D554B11-CFAE-4345-94D1-4FE4516FEAF2}.Release|Any CPU.ActiveCfg = Release|Any CPU
		{1D554B11-CFAE-4345-94D1-4FE4516FEAF2}.Release|Any CPU.Build.0 = Release|Any CPU
		{1D554B11-CFAE-4345-94D1-4FE4516FEAF2}.Release|arm64.ActiveCfg = Release|Any CPU
		{1D554B11-CFAE-4345-94D1-4FE4516FEAF2}.Release|arm64.Build.0 = Release|Any CPU
		{1D554B11-CFAE-4345-94D1-4FE4516FEAF2}.Release|x64.ActiveCfg = Release|Any CPU
		{1D554B11-CFAE-4345-94D1-4FE4516FEAF2}.Release|x64.Build.0 = Release|Any CPU
		{1D554B11-CFAE-4345-94D1-4FE4516FEAF2}.Release|x86.ActiveCfg = Release|Any CPU
		{1D554B11-CFAE-4345-94D1-4FE4516FEAF2}.Release|x86.Build.0 = Release|Any CPU
		{ECCF9DDD-91A3-495B-94E3-F917D3A05FEA}.Debug|Any CPU.ActiveCfg = Debug|Any CPU
		{ECCF9DDD-91A3-495B-94E3-F917D3A05FEA}.Debug|Any CPU.Build.0 = Debug|Any CPU
		{ECCF9DDD-91A3-495B-94E3-F917D3A05FEA}.Debug|arm64.ActiveCfg = Debug|Any CPU
		{ECCF9DDD-91A3-495B-94E3-F917D3A05FEA}.Debug|arm64.Build.0 = Debug|Any CPU
		{ECCF9DDD-91A3-495B-94E3-F917D3A05FEA}.Debug|x64.ActiveCfg = Debug|Any CPU
		{ECCF9DDD-91A3-495B-94E3-F917D3A05FEA}.Debug|x64.Build.0 = Debug|Any CPU
		{ECCF9DDD-91A3-495B-94E3-F917D3A05FEA}.Debug|x86.ActiveCfg = Debug|Any CPU
		{ECCF9DDD-91A3-495B-94E3-F917D3A05FEA}.Debug|x86.Build.0 = Debug|Any CPU
		{ECCF9DDD-91A3-495B-94E3-F917D3A05FEA}.Release|Any CPU.ActiveCfg = Release|Any CPU
		{ECCF9DDD-91A3-495B-94E3-F917D3A05FEA}.Release|Any CPU.Build.0 = Release|Any CPU
		{ECCF9DDD-91A3-495B-94E3-F917D3A05FEA}.Release|arm64.ActiveCfg = Release|Any CPU
		{ECCF9DDD-91A3-495B-94E3-F917D3A05FEA}.Release|arm64.Build.0 = Release|Any CPU
		{ECCF9DDD-91A3-495B-94E3-F917D3A05FEA}.Release|x64.ActiveCfg = Release|Any CPU
		{ECCF9DDD-91A3-495B-94E3-F917D3A05FEA}.Release|x64.Build.0 = Release|Any CPU
		{ECCF9DDD-91A3-495B-94E3-F917D3A05FEA}.Release|x86.ActiveCfg = Release|Any CPU
		{ECCF9DDD-91A3-495B-94E3-F917D3A05FEA}.Release|x86.Build.0 = Release|Any CPU
		{720869D4-C5D8-4DBC-888D-110997388B00}.Debug|Any CPU.ActiveCfg = Debug|Any CPU
		{720869D4-C5D8-4DBC-888D-110997388B00}.Debug|Any CPU.Build.0 = Debug|Any CPU
		{720869D4-C5D8-4DBC-888D-110997388B00}.Debug|arm64.ActiveCfg = Debug|Any CPU
		{720869D4-C5D8-4DBC-888D-110997388B00}.Debug|arm64.Build.0 = Debug|Any CPU
		{720869D4-C5D8-4DBC-888D-110997388B00}.Debug|x64.ActiveCfg = Debug|Any CPU
		{720869D4-C5D8-4DBC-888D-110997388B00}.Debug|x64.Build.0 = Debug|Any CPU
		{720869D4-C5D8-4DBC-888D-110997388B00}.Debug|x86.ActiveCfg = Debug|Any CPU
		{720869D4-C5D8-4DBC-888D-110997388B00}.Debug|x86.Build.0 = Debug|Any CPU
		{720869D4-C5D8-4DBC-888D-110997388B00}.Release|Any CPU.ActiveCfg = Release|Any CPU
		{720869D4-C5D8-4DBC-888D-110997388B00}.Release|Any CPU.Build.0 = Release|Any CPU
		{720869D4-C5D8-4DBC-888D-110997388B00}.Release|arm64.ActiveCfg = Release|Any CPU
		{720869D4-C5D8-4DBC-888D-110997388B00}.Release|arm64.Build.0 = Release|Any CPU
		{720869D4-C5D8-4DBC-888D-110997388B00}.Release|x64.ActiveCfg = Release|Any CPU
		{720869D4-C5D8-4DBC-888D-110997388B00}.Release|x64.Build.0 = Release|Any CPU
		{720869D4-C5D8-4DBC-888D-110997388B00}.Release|x86.ActiveCfg = Release|Any CPU
		{720869D4-C5D8-4DBC-888D-110997388B00}.Release|x86.Build.0 = Release|Any CPU
		{6115DE0D-D0B6-4012-93F5-7A8C5FA8957D}.Debug|Any CPU.ActiveCfg = Debug|Any CPU
		{6115DE0D-D0B6-4012-93F5-7A8C5FA8957D}.Debug|Any CPU.Build.0 = Debug|Any CPU
		{6115DE0D-D0B6-4012-93F5-7A8C5FA8957D}.Debug|arm64.ActiveCfg = Debug|Any CPU
		{6115DE0D-D0B6-4012-93F5-7A8C5FA8957D}.Debug|arm64.Build.0 = Debug|Any CPU
		{6115DE0D-D0B6-4012-93F5-7A8C5FA8957D}.Debug|x64.ActiveCfg = Debug|Any CPU
		{6115DE0D-D0B6-4012-93F5-7A8C5FA8957D}.Debug|x64.Build.0 = Debug|Any CPU
		{6115DE0D-D0B6-4012-93F5-7A8C5FA8957D}.Debug|x86.ActiveCfg = Debug|Any CPU
		{6115DE0D-D0B6-4012-93F5-7A8C5FA8957D}.Debug|x86.Build.0 = Debug|Any CPU
		{6115DE0D-D0B6-4012-93F5-7A8C5FA8957D}.Release|Any CPU.ActiveCfg = Release|Any CPU
		{6115DE0D-D0B6-4012-93F5-7A8C5FA8957D}.Release|Any CPU.Build.0 = Release|Any CPU
		{6115DE0D-D0B6-4012-93F5-7A8C5FA8957D}.Release|arm64.ActiveCfg = Release|Any CPU
		{6115DE0D-D0B6-4012-93F5-7A8C5FA8957D}.Release|arm64.Build.0 = Release|Any CPU
		{6115DE0D-D0B6-4012-93F5-7A8C5FA8957D}.Release|x64.ActiveCfg = Release|Any CPU
		{6115DE0D-D0B6-4012-93F5-7A8C5FA8957D}.Release|x64.Build.0 = Release|Any CPU
		{6115DE0D-D0B6-4012-93F5-7A8C5FA8957D}.Release|x86.ActiveCfg = Release|Any CPU
		{6115DE0D-D0B6-4012-93F5-7A8C5FA8957D}.Release|x86.Build.0 = Release|Any CPU
		{EE8C47BB-9B4B-CC36-7626-E228415A6918}.Debug|Any CPU.ActiveCfg = Debug|Any CPU
		{EE8C47BB-9B4B-CC36-7626-E228415A6918}.Debug|Any CPU.Build.0 = Debug|Any CPU
		{EE8C47BB-9B4B-CC36-7626-E228415A6918}.Debug|arm64.ActiveCfg = Debug|Any CPU
		{EE8C47BB-9B4B-CC36-7626-E228415A6918}.Debug|arm64.Build.0 = Debug|Any CPU
		{EE8C47BB-9B4B-CC36-7626-E228415A6918}.Debug|x64.ActiveCfg = Debug|Any CPU
		{EE8C47BB-9B4B-CC36-7626-E228415A6918}.Debug|x64.Build.0 = Debug|Any CPU
		{EE8C47BB-9B4B-CC36-7626-E228415A6918}.Debug|x86.ActiveCfg = Debug|Any CPU
		{EE8C47BB-9B4B-CC36-7626-E228415A6918}.Debug|x86.Build.0 = Debug|Any CPU
		{EE8C47BB-9B4B-CC36-7626-E228415A6918}.Release|Any CPU.ActiveCfg = Release|Any CPU
		{EE8C47BB-9B4B-CC36-7626-E228415A6918}.Release|Any CPU.Build.0 = Release|Any CPU
		{EE8C47BB-9B4B-CC36-7626-E228415A6918}.Release|arm64.ActiveCfg = Release|Any CPU
		{EE8C47BB-9B4B-CC36-7626-E228415A6918}.Release|arm64.Build.0 = Release|Any CPU
		{EE8C47BB-9B4B-CC36-7626-E228415A6918}.Release|x64.ActiveCfg = Release|Any CPU
		{EE8C47BB-9B4B-CC36-7626-E228415A6918}.Release|x64.Build.0 = Release|Any CPU
		{EE8C47BB-9B4B-CC36-7626-E228415A6918}.Release|x86.ActiveCfg = Release|Any CPU
		{EE8C47BB-9B4B-CC36-7626-E228415A6918}.Release|x86.Build.0 = Release|Any CPU
		{2FE077D2-63F0-10ED-87CC-7EEE738640C8}.Debug|Any CPU.ActiveCfg = Debug|Any CPU
		{2FE077D2-63F0-10ED-87CC-7EEE738640C8}.Debug|Any CPU.Build.0 = Debug|Any CPU
		{2FE077D2-63F0-10ED-87CC-7EEE738640C8}.Debug|arm64.ActiveCfg = Debug|Any CPU
		{2FE077D2-63F0-10ED-87CC-7EEE738640C8}.Debug|arm64.Build.0 = Debug|Any CPU
		{2FE077D2-63F0-10ED-87CC-7EEE738640C8}.Debug|x64.ActiveCfg = Debug|Any CPU
		{2FE077D2-63F0-10ED-87CC-7EEE738640C8}.Debug|x64.Build.0 = Debug|Any CPU
		{2FE077D2-63F0-10ED-87CC-7EEE738640C8}.Debug|x86.ActiveCfg = Debug|Any CPU
		{2FE077D2-63F0-10ED-87CC-7EEE738640C8}.Debug|x86.Build.0 = Debug|Any CPU
		{2FE077D2-63F0-10ED-87CC-7EEE738640C8}.Release|Any CPU.ActiveCfg = Release|Any CPU
		{2FE077D2-63F0-10ED-87CC-7EEE738640C8}.Release|Any CPU.Build.0 = Release|Any CPU
		{2FE077D2-63F0-10ED-87CC-7EEE738640C8}.Release|arm64.ActiveCfg = Release|Any CPU
		{2FE077D2-63F0-10ED-87CC-7EEE738640C8}.Release|arm64.Build.0 = Release|Any CPU
		{2FE077D2-63F0-10ED-87CC-7EEE738640C8}.Release|x64.ActiveCfg = Release|Any CPU
		{2FE077D2-63F0-10ED-87CC-7EEE738640C8}.Release|x64.Build.0 = Release|Any CPU
		{2FE077D2-63F0-10ED-87CC-7EEE738640C8}.Release|x86.ActiveCfg = Release|Any CPU
		{2FE077D2-63F0-10ED-87CC-7EEE738640C8}.Release|x86.Build.0 = Release|Any CPU
		{AA2D3BE6-B575-4FA7-90D4-75930ED12C30}.Debug|Any CPU.ActiveCfg = Debug|Any CPU
		{AA2D3BE6-B575-4FA7-90D4-75930ED12C30}.Debug|Any CPU.Build.0 = Debug|Any CPU
		{AA2D3BE6-B575-4FA7-90D4-75930ED12C30}.Debug|arm64.ActiveCfg = Debug|Any CPU
		{AA2D3BE6-B575-4FA7-90D4-75930ED12C30}.Debug|arm64.Build.0 = Debug|Any CPU
		{AA2D3BE6-B575-4FA7-90D4-75930ED12C30}.Debug|x64.ActiveCfg = Debug|Any CPU
		{AA2D3BE6-B575-4FA7-90D4-75930ED12C30}.Debug|x64.Build.0 = Debug|Any CPU
		{AA2D3BE6-B575-4FA7-90D4-75930ED12C30}.Debug|x86.ActiveCfg = Debug|Any CPU
		{AA2D3BE6-B575-4FA7-90D4-75930ED12C30}.Debug|x86.Build.0 = Debug|Any CPU
		{AA2D3BE6-B575-4FA7-90D4-75930ED12C30}.Release|Any CPU.ActiveCfg = Release|Any CPU
		{AA2D3BE6-B575-4FA7-90D4-75930ED12C30}.Release|Any CPU.Build.0 = Release|Any CPU
		{AA2D3BE6-B575-4FA7-90D4-75930ED12C30}.Release|arm64.ActiveCfg = Release|Any CPU
		{AA2D3BE6-B575-4FA7-90D4-75930ED12C30}.Release|arm64.Build.0 = Release|Any CPU
		{AA2D3BE6-B575-4FA7-90D4-75930ED12C30}.Release|x64.ActiveCfg = Release|Any CPU
		{AA2D3BE6-B575-4FA7-90D4-75930ED12C30}.Release|x64.Build.0 = Release|Any CPU
		{AA2D3BE6-B575-4FA7-90D4-75930ED12C30}.Release|x86.ActiveCfg = Release|Any CPU
		{AA2D3BE6-B575-4FA7-90D4-75930ED12C30}.Release|x86.Build.0 = Release|Any CPU
		{A954C67F-FF2F-4078-A168-DE95899AB97B}.Debug|Any CPU.ActiveCfg = Debug|Any CPU
		{A954C67F-FF2F-4078-A168-DE95899AB97B}.Debug|Any CPU.Build.0 = Debug|Any CPU
		{A954C67F-FF2F-4078-A168-DE95899AB97B}.Debug|arm64.ActiveCfg = Debug|Any CPU
		{A954C67F-FF2F-4078-A168-DE95899AB97B}.Debug|arm64.Build.0 = Debug|Any CPU
		{A954C67F-FF2F-4078-A168-DE95899AB97B}.Debug|x64.ActiveCfg = Debug|Any CPU
		{A954C67F-FF2F-4078-A168-DE95899AB97B}.Debug|x64.Build.0 = Debug|Any CPU
		{A954C67F-FF2F-4078-A168-DE95899AB97B}.Debug|x86.ActiveCfg = Debug|Any CPU
		{A954C67F-FF2F-4078-A168-DE95899AB97B}.Debug|x86.Build.0 = Debug|Any CPU
		{A954C67F-FF2F-4078-A168-DE95899AB97B}.Release|Any CPU.ActiveCfg = Release|Any CPU
		{A954C67F-FF2F-4078-A168-DE95899AB97B}.Release|Any CPU.Build.0 = Release|Any CPU
		{A954C67F-FF2F-4078-A168-DE95899AB97B}.Release|arm64.ActiveCfg = Release|Any CPU
		{A954C67F-FF2F-4078-A168-DE95899AB97B}.Release|arm64.Build.0 = Release|Any CPU
		{A954C67F-FF2F-4078-A168-DE95899AB97B}.Release|x64.ActiveCfg = Release|Any CPU
		{A954C67F-FF2F-4078-A168-DE95899AB97B}.Release|x64.Build.0 = Release|Any CPU
		{A954C67F-FF2F-4078-A168-DE95899AB97B}.Release|x86.ActiveCfg = Release|Any CPU
		{A954C67F-FF2F-4078-A168-DE95899AB97B}.Release|x86.Build.0 = Release|Any CPU
		{D81DEC79-EB63-4F89-A986-3B10A724E161}.Debug|Any CPU.ActiveCfg = Debug|Any CPU
		{D81DEC79-EB63-4F89-A986-3B10A724E161}.Debug|Any CPU.Build.0 = Debug|Any CPU
		{D81DEC79-EB63-4F89-A986-3B10A724E161}.Debug|arm64.ActiveCfg = Debug|Any CPU
		{D81DEC79-EB63-4F89-A986-3B10A724E161}.Debug|arm64.Build.0 = Debug|Any CPU
		{D81DEC79-EB63-4F89-A986-3B10A724E161}.Debug|x64.ActiveCfg = Debug|Any CPU
		{D81DEC79-EB63-4F89-A986-3B10A724E161}.Debug|x64.Build.0 = Debug|Any CPU
		{D81DEC79-EB63-4F89-A986-3B10A724E161}.Debug|x86.ActiveCfg = Debug|Any CPU
		{D81DEC79-EB63-4F89-A986-3B10A724E161}.Debug|x86.Build.0 = Debug|Any CPU
		{D81DEC79-EB63-4F89-A986-3B10A724E161}.Release|Any CPU.ActiveCfg = Release|Any CPU
		{D81DEC79-EB63-4F89-A986-3B10A724E161}.Release|Any CPU.Build.0 = Release|Any CPU
		{D81DEC79-EB63-4F89-A986-3B10A724E161}.Release|arm64.ActiveCfg = Release|Any CPU
		{D81DEC79-EB63-4F89-A986-3B10A724E161}.Release|arm64.Build.0 = Release|Any CPU
		{D81DEC79-EB63-4F89-A986-3B10A724E161}.Release|x64.ActiveCfg = Release|Any CPU
		{D81DEC79-EB63-4F89-A986-3B10A724E161}.Release|x64.Build.0 = Release|Any CPU
		{D81DEC79-EB63-4F89-A986-3B10A724E161}.Release|x86.ActiveCfg = Release|Any CPU
		{D81DEC79-EB63-4F89-A986-3B10A724E161}.Release|x86.Build.0 = Release|Any CPU
		{305424DE-A9C9-4FB6-B8FA-2D1D7BBD1B6E}.Debug|Any CPU.ActiveCfg = Debug|Any CPU
		{305424DE-A9C9-4FB6-B8FA-2D1D7BBD1B6E}.Debug|Any CPU.Build.0 = Debug|Any CPU
		{305424DE-A9C9-4FB6-B8FA-2D1D7BBD1B6E}.Debug|arm64.ActiveCfg = Debug|Any CPU
		{305424DE-A9C9-4FB6-B8FA-2D1D7BBD1B6E}.Debug|arm64.Build.0 = Debug|Any CPU
		{305424DE-A9C9-4FB6-B8FA-2D1D7BBD1B6E}.Debug|x64.ActiveCfg = Debug|Any CPU
		{305424DE-A9C9-4FB6-B8FA-2D1D7BBD1B6E}.Debug|x64.Build.0 = Debug|Any CPU
		{305424DE-A9C9-4FB6-B8FA-2D1D7BBD1B6E}.Debug|x86.ActiveCfg = Debug|Any CPU
		{305424DE-A9C9-4FB6-B8FA-2D1D7BBD1B6E}.Debug|x86.Build.0 = Debug|Any CPU
		{305424DE-A9C9-4FB6-B8FA-2D1D7BBD1B6E}.Release|Any CPU.ActiveCfg = Release|Any CPU
		{305424DE-A9C9-4FB6-B8FA-2D1D7BBD1B6E}.Release|Any CPU.Build.0 = Release|Any CPU
		{305424DE-A9C9-4FB6-B8FA-2D1D7BBD1B6E}.Release|arm64.ActiveCfg = Release|Any CPU
		{305424DE-A9C9-4FB6-B8FA-2D1D7BBD1B6E}.Release|arm64.Build.0 = Release|Any CPU
		{305424DE-A9C9-4FB6-B8FA-2D1D7BBD1B6E}.Release|x64.ActiveCfg = Release|Any CPU
		{305424DE-A9C9-4FB6-B8FA-2D1D7BBD1B6E}.Release|x64.Build.0 = Release|Any CPU
		{305424DE-A9C9-4FB6-B8FA-2D1D7BBD1B6E}.Release|x86.ActiveCfg = Release|Any CPU
		{305424DE-A9C9-4FB6-B8FA-2D1D7BBD1B6E}.Release|x86.Build.0 = Release|Any CPU
	EndGlobalSection
	GlobalSection(SolutionProperties) = preSolution
		HideSolutionNode = FALSE
	EndGlobalSection
	GlobalSection(NestedProjects) = preSolution
		{6E0DCE76-6275-41E8-AA8B-867A7082163A} = {017429CC-C5FB-48B4-9C46-034E29EE2F06}
		{0554372B-2900-46BA-9224-4B9E5685713D} = {6E0DCE76-6275-41E8-AA8B-867A7082163A}
		{9E7B63A9-CCA6-4FFD-A884-1B1640999502} = {017429CC-C5FB-48B4-9C46-034E29EE2F06}
		{440CD531-00C9-43B7-87A6-34C9ED42D105} = {017429CC-C5FB-48B4-9C46-034E29EE2F06}
		{4A235ACC-764C-48E5-9006-D67F6FC44F57} = {440CD531-00C9-43B7-87A6-34C9ED42D105}
		{8581E5B3-3038-4E3E-8598-E2B213A7595D} = {4A235ACC-764C-48E5-9006-D67F6FC44F57}
		{656C9184-A952-47C5-B6A6-0993733A235C} = {9029C40E-8F88-44F2-B5AD-B62AAC4441C3}
		{8F88BC0A-996A-4197-B580-92B130388207} = {017429CC-C5FB-48B4-9C46-034E29EE2F06}
		{2795C97C-82A4-4514-B4A9-A29146B95084} = {8F88BC0A-996A-4197-B580-92B130388207}
		{58926A7E-4BD0-4DB0-BACC-DA9A6CF06C3C} = {2795C97C-82A4-4514-B4A9-A29146B95084}
		{911AF68D-561F-4013-899C-26E04EC4B577} = {017429CC-C5FB-48B4-9C46-034E29EE2F06}
		{62F0B9C7-3804-4358-85C9-E43CBBBA0E00} = {911AF68D-561F-4013-899C-26E04EC4B577}
		{994E948E-5B83-46CB-A68E-9D250D685518} = {017429CC-C5FB-48B4-9C46-034E29EE2F06}
		{9DE188EC-1482-481A-B6A6-4DAE8F702CCC} = {994E948E-5B83-46CB-A68E-9D250D685518}
		{513761A4-01A8-4C5B-A159-097128F6472F} = {017429CC-C5FB-48B4-9C46-034E29EE2F06}
		{F876359B-6FB4-4805-83DD-947996BA7221} = {513761A4-01A8-4C5B-A159-097128F6472F}
		{7135407C-0B7F-4177-9B5F-8F216C3E946F} = {F876359B-6FB4-4805-83DD-947996BA7221}
		{4155419A-1C6F-4341-AD9E-990EF72AD8B9} = {017429CC-C5FB-48B4-9C46-034E29EE2F06}
		{A7990F6F-87F7-402B-B332-A71E7B6A305B} = {4155419A-1C6F-4341-AD9E-990EF72AD8B9}
		{1C7C2C52-E19C-4C5C-A9E5-DB826D10A3CE} = {A7990F6F-87F7-402B-B332-A71E7B6A305B}
		{D55C9ED3-39E3-4DFF-818D-BB1B76A7F312} = {017429CC-C5FB-48B4-9C46-034E29EE2F06}
		{B89A8D5B-AC27-4588-AD24-3984D3AF92E2} = {017429CC-C5FB-48B4-9C46-034E29EE2F06}
		{B66D4C78-47F7-4D71-BAA4-DB9549711F7D} = {B89A8D5B-AC27-4588-AD24-3984D3AF92E2}
		{0006F598-93F5-4A21-9B29-2913928A14E6} = {B89A8D5B-AC27-4588-AD24-3984D3AF92E2}
		{F75CAA23-6F81-4627-A990-C2AA7B9CE7E8} = {B66D4C78-47F7-4D71-BAA4-DB9549711F7D}
		{C3D3C3FA-744D-47CE-87ED-BAE43C45AB86} = {0006F598-93F5-4A21-9B29-2913928A14E6}
		{1D554B11-CFAE-4345-94D1-4FE4516FEAF2} = {D55C9ED3-39E3-4DFF-818D-BB1B76A7F312}
		{ECCF9DDD-91A3-495B-94E3-F917D3A05FEA} = {D55C9ED3-39E3-4DFF-818D-BB1B76A7F312}
		{2C2181B8-413F-435D-AC6D-1AC472D0AE49} = {440CD531-00C9-43B7-87A6-34C9ED42D105}
		{720869D4-C5D8-4DBC-888D-110997388B00} = {2C2181B8-413F-435D-AC6D-1AC472D0AE49}
		{03687197-260B-46C1-BB3F-8E2CDDEC96C3} = {B89A8D5B-AC27-4588-AD24-3984D3AF92E2}
		{6115DE0D-D0B6-4012-93F5-7A8C5FA8957D} = {03687197-260B-46C1-BB3F-8E2CDDEC96C3}
		{EE8C47BB-9B4B-CC36-7626-E228415A6918} = {9E7B63A9-CCA6-4FFD-A884-1B1640999502}
		{2FE077D2-63F0-10ED-87CC-7EEE738640C8} = {9E7B63A9-CCA6-4FFD-A884-1B1640999502}
		{AA2D3BE6-B575-4FA7-90D4-75930ED12C30} = {D55C9ED3-39E3-4DFF-818D-BB1B76A7F312}
		{A954C67F-FF2F-4078-A168-DE95899AB97B} = {D55C9ED3-39E3-4DFF-818D-BB1B76A7F312}
		{D81DEC79-EB63-4F89-A986-3B10A724E161} = {6E0DCE76-6275-41E8-AA8B-867A7082163A}
		{305424DE-A9C9-4FB6-B8FA-2D1D7BBD1B6E} = {6E0DCE76-6275-41E8-AA8B-867A7082163A}
	EndGlobalSection
	GlobalSection(ExtensibilityGlobals) = postSolution
		SolutionGuid = {AAB113CE-F635-47CD-B10F-C69731DF4EB7}
	EndGlobalSection
EndGlobal
